
Microsoft Visual Studio Solution File, Format Version 12.00
# Visual Studio Version 17
VisualStudioVersion = 17.4.33205.214
MinimumVisualStudioVersion = 10.0.40219.1
Project("{FAE04EC0-301F-11D3-BF4B-00C04F79EFBC}") = "HtmlTemplateBuilder", "HtmlTemplateBuilder.csproj", "{3B8C93B8-2B47-4447-AF79-05610A2A3865}"
EndProject
Global
	GlobalSection(SolutionConfigurationPlatforms) = preSolution
		Debug|Any CPU = Debug|Any CPU
		Release|Any CPU = Release|Any CPU
	EndGlobalSection
	GlobalSection(ProjectConfigurationPlatforms) = postSolution
		{3B8C93B8-2B47-4447-AF79-05610A2A3865}.Debug|Any CPU.ActiveCfg = Debug|Any CPU
		{3B8C93B8-2B47-4447-AF79-05610A2A3865}.Debug|Any CPU.Build.0 = Debug|Any CPU
		{3B8C93B8-2B47-4447-AF79-05610A2A3865}.Release|Any CPU.ActiveCfg = Release|Any CPU
		{3B8C93B8-2B47-4447-AF79-05610A2A3865}.Release|Any CPU.Build.0 = Release|Any CPU
	EndGlobalSection
	GlobalSection(SolutionProperties) = preSolution
		HideSolutionNode = FALSE
	EndGlobalSection
	GlobalSection(ExtensibilityGlobals) = postSolution
		SolutionGuid = {CF119446-3C6B-4F13-B136-087223C2D5FD}
	EndGlobalSection
EndGlobal
